version: 2.0
shards:
  ameba:
    git: https://github.com/crystal-ameba/ameba.git
    version: 0.14.2

  caridina:
    git: https://github.com/erdnaxeli/caridina.git
    version: 0.10.4

  clip:
    git: https://github.com/erdnaxeli/clip.git
    version: 0.2.4

  marmot:
    git: https://github.com/erdnaxeli/marmot.git
    version: 0.4.0

  parameters:
    git: https://github.com/erdnaxeli/crystal-parameters.git
    version: 1.0.5

  webmock:
    git: https://github.com/manastech/webmock.cr.git
    version: 0.14.0

