version: 2.0
shards:
  ameba:
    git: https://github.com/crystal-ameba/ameba.git
    version: 0.13.2

  caridina:
    git: https://github.com/erdnaxeli/caridina.git
    version: 0.3.1

  parameters:
    git: https://github.com/erdnaxeli/crystal-parameters.git
    version: 1.0.4

  webmock:
    git: https://github.com/manastech/webmock.cr.git
    version: 0.13.0

